{
  "name": "be-channeling",
  "version": "0.0.1",
  "lockfileVersion": 2,
  "requires": true,
  "packages": {
    "": {
      "name": "be-channeling",
      "version": "0.0.1",
      "license": "MIT",
      "dependencies": {
        "be-decorated": "0.0.87",
        "be-hive": "0.0.34",
        "trans-render": "0.0.502"
      }
    },
    "node_modules/be-decorated": {
      "version": "0.0.87",
      "resolved": "https://registry.npmjs.org/be-decorated/-/be-decorated-0.0.87.tgz",
      "integrity": "sha512-7S/6kFkb96dcuzh4T010H3m0FOH8I9J2QzJe6nS6IpUNSB9vGU4mSi2PC0k2N6Raf3LRfKeDUk5r8PVJ8Y2j/A==",
      "dependencies": {
        "trans-render": "0.0.489",
        "xtal-element": "0.0.480"
      }
    },
    "node_modules/be-decorated/node_modules/trans-render": {
      "version": "0.0.489",
      "resolved": "https://registry.npmjs.org/trans-render/-/trans-render-0.0.489.tgz",
      "integrity": "sha512-5RUF00M5/NRvGp0C8EMjEfsJnf4UPJYystJlMIa/B7EsqDUuqs/RJxBN9hhCpP0q8s8eO//qm4qXCPWUD/n7PQ=="
    },
    "node_modules/be-hive": {
      "version": "0.0.34",
      "resolved": "https://registry.npmjs.org/be-hive/-/be-hive-0.0.34.tgz",
      "integrity": "sha512-3s7c9juC3hnNlnR11RGEt/Wije42JcRloFPYAJjSmUTObLnzzccZGxU3muwaykF96JmqLgnzUKN7EwKTkaPCLw==",
      "dependencies": {
        "xtal-element": "0.0.480"
      }
    },
    "node_modules/trans-render": {
      "version": "0.0.502",
      "resolved": "https://registry.npmjs.org/trans-render/-/trans-render-0.0.502.tgz",
      "integrity": "sha512-u3dO2bcErrO/CM48DESitLyVFg6XLafj6fDa4hU4nxRN25WlgF4ZS9gkMoY1ADB8PSgVgv7Gcf8vGOPlecTqcw=="
    },
    "node_modules/xtal-element": {
      "version": "0.0.480",
      "resolved": "https://registry.npmjs.org/xtal-element/-/xtal-element-0.0.480.tgz",
      "integrity": "sha512-qw/TBYzI6/VpFvk7FQXYNQDWv5AAAdryJAggZd/xQO+hmMXFYwkxoDfospgDEowX5V3empf98hFX+CqAOBJ1rQ==",
      "dependencies": {
        "trans-render": "0.0.489"
      }
    },
    "node_modules/xtal-element/node_modules/trans-render": {
      "version": "0.0.489",
      "resolved": "https://registry.npmjs.org/trans-render/-/trans-render-0.0.489.tgz",
      "integrity": "sha512-5RUF00M5/NRvGp0C8EMjEfsJnf4UPJYystJlMIa/B7EsqDUuqs/RJxBN9hhCpP0q8s8eO//qm4qXCPWUD/n7PQ=="
    }
  },
  "dependencies": {
    "be-decorated": {
      "version": "0.0.87",
      "resolved": "https://registry.npmjs.org/be-decorated/-/be-decorated-0.0.87.tgz",
      "integrity": "sha512-7S/6kFkb96dcuzh4T010H3m0FOH8I9J2QzJe6nS6IpUNSB9vGU4mSi2PC0k2N6Raf3LRfKeDUk5r8PVJ8Y2j/A==",
      "requires": {
        "trans-render": "0.0.489",
        "xtal-element": "0.0.480"
      },
      "dependencies": {
        "trans-render": {
          "version": "0.0.489",
          "resolved": "https://registry.npmjs.org/trans-render/-/trans-render-0.0.489.tgz",
          "integrity": "sha512-5RUF00M5/NRvGp0C8EMjEfsJnf4UPJYystJlMIa/B7EsqDUuqs/RJxBN9hhCpP0q8s8eO//qm4qXCPWUD/n7PQ=="
        }
      }
    },
    "be-hive": {
      "version": "0.0.34",
      "resolved": "https://registry.npmjs.org/be-hive/-/be-hive-0.0.34.tgz",
      "integrity": "sha512-3s7c9juC3hnNlnR11RGEt/Wije42JcRloFPYAJjSmUTObLnzzccZGxU3muwaykF96JmqLgnzUKN7EwKTkaPCLw==",
      "requires": {
        "xtal-element": "0.0.480"
      }
    },
    "trans-render": {
      "version": "0.0.502",
      "resolved": "https://registry.npmjs.org/trans-render/-/trans-render-0.0.502.tgz",
      "integrity": "sha512-u3dO2bcErrO/CM48DESitLyVFg6XLafj6fDa4hU4nxRN25WlgF4ZS9gkMoY1ADB8PSgVgv7Gcf8vGOPlecTqcw=="
    },
    "xtal-element": {
      "version": "0.0.480",
      "resolved": "https://registry.npmjs.org/xtal-element/-/xtal-element-0.0.480.tgz",
      "integrity": "sha512-qw/TBYzI6/VpFvk7FQXYNQDWv5AAAdryJAggZd/xQO+hmMXFYwkxoDfospgDEowX5V3empf98hFX+CqAOBJ1rQ==",
      "requires": {
        "trans-render": "0.0.489"
      },
      "dependencies": {
        "trans-render": {
          "version": "0.0.489",
          "resolved": "https://registry.npmjs.org/trans-render/-/trans-render-0.0.489.tgz",
          "integrity": "sha512-5RUF00M5/NRvGp0C8EMjEfsJnf4UPJYystJlMIa/B7EsqDUuqs/RJxBN9hhCpP0q8s8eO//qm4qXCPWUD/n7PQ=="
        }
      }
    }
  }
}
