{
  "name": "be-channeling",
  "version": "0.0.11",
  "lockfileVersion": 2,
  "requires": true,
  "packages": {
    "": {
      "name": "be-channeling",
      "version": "0.0.11",
      "license": "MIT",
      "dependencies": {
        "be-decorated": "0.0.106",
        "be-hive": "0.0.39",
        "trans-render": "0.0.524"
      },
      "devDependencies": {
        "@skypack/package-check": "0.2.2"
      }
    },
    "node_modules/@skypack/package-check": {
      "version": "0.2.2",
      "resolved": "https://registry.npmjs.org/@skypack/package-check/-/package-check-0.2.2.tgz",
      "integrity": "sha512-T4Wyi9lUuz0a1C2OHuzqZ0aFOCI0AmaGTb2LP9sHgWdoHXlB3JU02gfBpa0Y081G/gFsJYpQ/R0iCJRzF/nknw==",
      "dev": true,
      "dependencies": {
        "kleur": "^4.1.3",
        "yargs-parser": "^20.2.3"
      },
      "bin": {
        "package-check": "index.bin.js"
      }
    },
    "node_modules/be-decorated": {
      "version": "0.0.106",
      "resolved": "https://registry.npmjs.org/be-decorated/-/be-decorated-0.0.106.tgz",
      "integrity": "sha512-OOvrx2Ewoh8PTBqPM04JYuTA0EP/OKJ1kmotTGJa9DCt2XK/vUp5OJR5i6UptkzAc7DfGng1v2iBbpcyn7Nobg==",
      "dependencies": {
        "trans-render": "0.0.524",
        "xtal-element": "0.0.487"
      }
    },
    "node_modules/be-hive": {
      "version": "0.0.39",
      "resolved": "https://registry.npmjs.org/be-hive/-/be-hive-0.0.39.tgz",
      "integrity": "sha512-91Xt73c0M9mpwPtH1mi0EKy2XPzctfka8HbxDIEtrHqTmijqPKOVrJ3p6NLBhg/0OYwSWSuN8Aj82EJuUHBeew==",
      "dependencies": {
        "xtal-element": "0.0.487"
      }
    },
    "node_modules/kleur": {
      "version": "4.1.4",
      "resolved": "https://registry.npmjs.org/kleur/-/kleur-4.1.4.tgz",
      "integrity": "sha512-8QADVssbrFjivHWQU7KkMgptGTl6WAcSdlbBPY4uNF+mWr6DGcKrvY2w4FQJoXch7+fKMjj0dRrL75vk3k23OA==",
      "dev": true,
      "engines": {
        "node": ">=6"
      }
    },
    "node_modules/trans-render": {
      "version": "0.0.524",
      "resolved": "https://registry.npmjs.org/trans-render/-/trans-render-0.0.524.tgz",
      "integrity": "sha512-RNewb9abeDv114dl7xgkTgDrF7K1tPcRdJr2SRmBdfAcns7AKp2gJ5ZRyRt3m4s4L5KZAZDqLzqA5Ic53I7nKQ=="
    },
    "node_modules/xtal-element": {
      "version": "0.0.487",
      "resolved": "https://registry.npmjs.org/xtal-element/-/xtal-element-0.0.487.tgz",
      "integrity": "sha512-tYLNxh9TTpQKZ5f+bjCocT90+/65ren8vamfxE/+EBJSdELRWq2y9b+INXFk79/CrriGIwJa036cO5MQwz5r0Q==",
      "dependencies": {
        "trans-render": "0.0.524"
      }
    },
    "node_modules/yargs-parser": {
      "version": "20.2.9",
      "resolved": "https://registry.npmjs.org/yargs-parser/-/yargs-parser-20.2.9.tgz",
      "integrity": "sha512-y11nGElTIV+CT3Zv9t7VKl+Q3hTQoT9a1Qzezhhl6Rp21gJ/IVTW7Z3y9EWXhuUBC2Shnf+DX0antecpAwSP8w==",
      "dev": true,
      "engines": {
        "node": ">=10"
      }
    }
  },
  "dependencies": {
    "@skypack/package-check": {
      "version": "0.2.2",
      "resolved": "https://registry.npmjs.org/@skypack/package-check/-/package-check-0.2.2.tgz",
      "integrity": "sha512-T4Wyi9lUuz0a1C2OHuzqZ0aFOCI0AmaGTb2LP9sHgWdoHXlB3JU02gfBpa0Y081G/gFsJYpQ/R0iCJRzF/nknw==",
      "dev": true,
      "requires": {
        "kleur": "^4.1.3",
        "yargs-parser": "^20.2.3"
      }
    },
    "be-decorated": {
      "version": "0.0.106",
      "resolved": "https://registry.npmjs.org/be-decorated/-/be-decorated-0.0.106.tgz",
      "integrity": "sha512-OOvrx2Ewoh8PTBqPM04JYuTA0EP/OKJ1kmotTGJa9DCt2XK/vUp5OJR5i6UptkzAc7DfGng1v2iBbpcyn7Nobg==",
      "requires": {
        "trans-render": "0.0.524",
        "xtal-element": "0.0.487"
      }
    },
    "be-hive": {
      "version": "0.0.39",
      "resolved": "https://registry.npmjs.org/be-hive/-/be-hive-0.0.39.tgz",
      "integrity": "sha512-91Xt73c0M9mpwPtH1mi0EKy2XPzctfka8HbxDIEtrHqTmijqPKOVrJ3p6NLBhg/0OYwSWSuN8Aj82EJuUHBeew==",
      "requires": {
        "xtal-element": "0.0.487"
      }
    },
    "kleur": {
      "version": "4.1.4",
      "resolved": "https://registry.npmjs.org/kleur/-/kleur-4.1.4.tgz",
      "integrity": "sha512-8QADVssbrFjivHWQU7KkMgptGTl6WAcSdlbBPY4uNF+mWr6DGcKrvY2w4FQJoXch7+fKMjj0dRrL75vk3k23OA==",
      "dev": true
    },
    "trans-render": {
      "version": "0.0.524",
      "resolved": "https://registry.npmjs.org/trans-render/-/trans-render-0.0.524.tgz",
      "integrity": "sha512-RNewb9abeDv114dl7xgkTgDrF7K1tPcRdJr2SRmBdfAcns7AKp2gJ5ZRyRt3m4s4L5KZAZDqLzqA5Ic53I7nKQ=="
    },
    "xtal-element": {
      "version": "0.0.487",
      "resolved": "https://registry.npmjs.org/xtal-element/-/xtal-element-0.0.487.tgz",
      "integrity": "sha512-tYLNxh9TTpQKZ5f+bjCocT90+/65ren8vamfxE/+EBJSdELRWq2y9b+INXFk79/CrriGIwJa036cO5MQwz5r0Q==",
      "requires": {
        "trans-render": "0.0.524"
      }
    },
    "yargs-parser": {
      "version": "20.2.9",
      "resolved": "https://registry.npmjs.org/yargs-parser/-/yargs-parser-20.2.9.tgz",
      "integrity": "sha512-y11nGElTIV+CT3Zv9t7VKl+Q3hTQoT9a1Qzezhhl6Rp21gJ/IVTW7Z3y9EWXhuUBC2Shnf+DX0antecpAwSP8w==",
      "dev": true
    }
  }
}
